
Microsoft Visual Studio Solution File, Format Version 12.00
# Visual Studio 15
VisualStudioVersion = 15.0.26730.15
MinimumVisualStudioVersion = 10.0.40219.1
Project("{FAE04EC0-301F-11D3-BF4B-00C04F79EFBC}") = "Курс по алгоритмам ИТМО", "Курс по алгоритмам ИТМО\Курс по алгоритмам ИТМО.csproj", "{71A6B705-0F27-41AA-AC07-B6F0482845AB}"
EndProject
Global
	GlobalSection(SolutionConfigurationPlatforms) = preSolution
		Debug|Any CPU = Debug|Any CPU
		Release|Any CPU = Release|Any CPU
	EndGlobalSection
	GlobalSection(ProjectConfigurationPlatforms) = postSolution
		{71A6B705-0F27-41AA-AC07-B6F0482845AB}.Debug|Any CPU.ActiveCfg = Debug|Any CPU
		{71A6B705-0F27-41AA-AC07-B6F0482845AB}.Debug|Any CPU.Build.0 = Debug|Any CPU
		{71A6B705-0F27-41AA-AC07-B6F0482845AB}.Release|Any CPU.ActiveCfg = Release|Any CPU
		{71A6B705-0F27-41AA-AC07-B6F0482845AB}.Release|Any CPU.Build.0 = Release|Any CPU
	EndGlobalSection
	GlobalSection(SolutionProperties) = preSolution
		HideSolutionNode = FALSE
	EndGlobalSection
	GlobalSection(ExtensibilityGlobals) = postSolution
		SolutionGuid = {31A5BF98-620A-4B9F-BD57-135D900561EC}
	EndGlobalSection
EndGlobal
